
Microsoft Visual Studio Solution File, Format Version 12.00
# Visual Studio Version 17
VisualStudioVersion = 17.3.32825.248
MinimumVisualStudioVersion = 10.0.40219.1
Project("{2150E333-8FDC-42A3-9474-1A3956D46DE8}") = "01-CompositeDesignPattern", "01-CompositeDesignPattern", "{F5AAB95E-795A-4B52-8F63-4FADC9DB4D35}"
EndProject
Project("{9A19103F-16F7-4668-BE54-9A1E7A4F7556}") = "CompositionDesignPattern", "01-CompositeDesignPattern\CompositionDesignPattern\CompositionDesignPattern.csproj", "{A8ADC4A3-8EA7-4EAF-B789-6F3EBB3F0DCF}"
EndProject
Project("{9A19103F-16F7-4668-BE54-9A1E7A4F7556}") = "CompositionDesignPattern.Client", "01-CompositeDesignPattern\CompositionDesignPattern.Client\CompositionDesignPattern.Client.csproj", "{6155B55E-8D9E-47F5-8C52-624F366D0AAC}"
EndProject
Global
	GlobalSection(SolutionConfigurationPlatforms) = preSolution
		Debug|Any CPU = Debug|Any CPU
		Release|Any CPU = Release|Any CPU
	EndGlobalSection
	GlobalSection(ProjectConfigurationPlatforms) = postSolution
		{A8ADC4A3-8EA7-4EAF-B789-6F3EBB3F0DCF}.Debug|Any CPU.ActiveCfg = Debug|Any CPU
		{A8ADC4A3-8EA7-4EAF-B789-6F3EBB3F0DCF}.Debug|Any CPU.Build.0 = Debug|Any CPU
		{A8ADC4A3-8EA7-4EAF-B789-6F3EBB3F0DCF}.Release|Any CPU.ActiveCfg = Release|Any CPU
		{A8ADC4A3-8EA7-4EAF-B789-6F3EBB3F0DCF}.Release|Any CPU.Build.0 = Release|Any CPU
		{6155B55E-8D9E-47F5-8C52-624F366D0AAC}.Debug|Any CPU.ActiveCfg = Debug|Any CPU
		{6155B55E-8D9E-47F5-8C52-624F366D0AAC}.Debug|Any CPU.Build.0 = Debug|Any CPU
		{6155B55E-8D9E-47F5-8C52-624F366D0AAC}.Release|Any CPU.ActiveCfg = Release|Any CPU
		{6155B55E-8D9E-47F5-8C52-624F366D0AAC}.Release|Any CPU.Build.0 = Release|Any CPU
	EndGlobalSection
	GlobalSection(SolutionProperties) = preSolution
		HideSolutionNode = FALSE
	EndGlobalSection
	GlobalSection(NestedProjects) = preSolution
		{A8ADC4A3-8EA7-4EAF-B789-6F3EBB3F0DCF} = {F5AAB95E-795A-4B52-8F63-4FADC9DB4D35}
		{6155B55E-8D9E-47F5-8C52-624F366D0AAC} = {F5AAB95E-795A-4B52-8F63-4FADC9DB4D35}
	EndGlobalSection
	GlobalSection(ExtensibilityGlobals) = postSolution
		SolutionGuid = {E7AE09F6-EAA6-4667-8224-18EE278F77D9}
	EndGlobalSection
EndGlobal
