
Microsoft Visual Studio Solution File, Format Version 12.00
# Visual Studio Version 17
VisualStudioVersion = 17.3.32825.248
MinimumVisualStudioVersion = 10.0.40219.1
Project("{FAE04EC0-301F-11D3-BF4B-00C04F79EFBC}") = "CompositionDesignPattern", "CompositionDesignPattern\CompositionDesignPattern.csproj", "{EA92711E-E26E-4297-9E19-E3CAD1389D20}"
EndProject
Project("{FAE04EC0-301F-11D3-BF4B-00C04F79EFBC}") = "CompositionDesignPattern.Client", "CompositionDesignPattern.Client\CompositionDesignPattern.Client.csproj", "{1C287BEB-6133-4588-B984-3D49C07E8F2A}"
EndProject
Global
	GlobalSection(SolutionConfigurationPlatforms) = preSolution
		Debug|Any CPU = Debug|Any CPU
		Release|Any CPU = Release|Any CPU
	EndGlobalSection
	GlobalSection(ProjectConfigurationPlatforms) = postSolution
		{EA92711E-E26E-4297-9E19-E3CAD1389D20}.Debug|Any CPU.ActiveCfg = Debug|Any CPU
		{EA92711E-E26E-4297-9E19-E3CAD1389D20}.Debug|Any CPU.Build.0 = Debug|Any CPU
		{EA92711E-E26E-4297-9E19-E3CAD1389D20}.Release|Any CPU.ActiveCfg = Release|Any CPU
		{EA92711E-E26E-4297-9E19-E3CAD1389D20}.Release|Any CPU.Build.0 = Release|Any CPU
		{1C287BEB-6133-4588-B984-3D49C07E8F2A}.Debug|Any CPU.ActiveCfg = Debug|Any CPU
		{1C287BEB-6133-4588-B984-3D49C07E8F2A}.Debug|Any CPU.Build.0 = Debug|Any CPU
		{1C287BEB-6133-4588-B984-3D49C07E8F2A}.Release|Any CPU.ActiveCfg = Release|Any CPU
		{1C287BEB-6133-4588-B984-3D49C07E8F2A}.Release|Any CPU.Build.0 = Release|Any CPU
	EndGlobalSection
	GlobalSection(SolutionProperties) = preSolution
		HideSolutionNode = FALSE
	EndGlobalSection
	GlobalSection(ExtensibilityGlobals) = postSolution
		SolutionGuid = {E7AE09F6-EAA6-4667-8224-18EE278F77D9}
	EndGlobalSection
EndGlobal
